Microsoft Visual Studio Solution File, Format Version 10.00
# Visual C++ Express 2008
Project("{8BC9CEB8-8B4A-11D0-8D11-00A0C91BC942}") = "gpibcontrol", "gpibcontrol\gpibcontrol.vcproj", "{3E9A7684-AF6A-46F8-92A9-87F06C142D5E}"
	ProjectSection(ProjectDependencies) = postProject
		{64E5E016-09A2-44CE-B6C2-11F4CF977A7B} = {64E5E016-09A2-44CE-B6C2-11F4CF977A7B}
		{8267B3FB-D9F4-48B0-87D2-F309FFC4C661} = {8267B3FB-D9F4-48B0-87D2-F309FFC4C661}
	EndProjectSection
EndProject
Project("{8BC9CEB8-8B4A-11D0-8D11-00A0C91BC942}") = "instruments", "instruments\instruments.vcproj", "{8267B3FB-D9F4-48B0-87D2-F309FFC4C661}"
EndProject
Project("{8BC9CEB8-8B4A-11D0-8D11-00A0C91BC942}") = "measureserver", "measureserver\measureserver.vcproj", "{3F8767B6-E31E-476D-9D5A-5258D75A111C}"
	ProjectSection(ProjectDependencies) = postProject
		{A22D7F0B-9387-4B70-B231-328A0F3A6597} = {A22D7F0B-9387-4B70-B231-328A0F3A6597}
		{64E5E016-09A2-44CE-B6C2-11F4CF977A7B} = {64E5E016-09A2-44CE-B6C2-11F4CF977A7B}
		{3881221E-72C0-41C9-8495-D245C1C7F811} = {3881221E-72C0-41C9-8495-D245C1C7F811}
		{4130D780-CBD7-4EED-B3C3-6C1F7F2D73D5} = {4130D780-CBD7-4EED-B3C3-6C1F7F2D73D5}
		{6C6A1288-C6E3-40DC-8604-EE8D79BC0CB2} = {6C6A1288-C6E3-40DC-8604-EE8D79BC0CB2}
		{E0ED88B6-7C21-4AAA-A44E-2FF1EDE23CDB} = {E0ED88B6-7C21-4AAA-A44E-2FF1EDE23CDB}
		{D46BDABB-89B1-416A-9A92-89F9522AA828} = {D46BDABB-89B1-416A-9A92-89F9522AA828}
		{1E6FC2C1-000F-4070-B643-1F19F1C93974} = {1E6FC2C1-000F-4070-B643-1F19F1C93974}
		{24F587F8-095D-41F3-946B-A83D9EBB6E1A} = {24F587F8-095D-41F3-946B-A83D9EBB6E1A}
		{8267B3FB-D9F4-48B0-87D2-F309FFC4C661} = {8267B3FB-D9F4-48B0-87D2-F309FFC4C661}
		{A0AE2EFF-7424-4C27-A7DF-01CF378D510D} = {A0AE2EFF-7424-4C27-A7DF-01CF378D510D}
	EndProjectSection
EndProject
Project("{8BC9CEB8-8B4A-11D0-8D11-00A0C91BC942}") = "network", "network\network.vcproj", "{E0ED88B6-7C21-4AAA-A44E-2FF1EDE23CDB}"
EndProject
Project("{8BC9CEB8-8B4A-11D0-8D11-00A0C91BC942}") = "protocol", "protocol\protocol.vcproj", "{1E6FC2C1-000F-4070-B643-1F19F1C93974}"
EndProject
Project("{8BC9CEB8-8B4A-11D0-8D11-00A0C91BC942}") = "util", "util\util.vcproj", "{64E5E016-09A2-44CE-B6C2-11F4CF977A7B}"
EndProject
Project("{8BC9CEB8-8B4A-11D0-8D11-00A0C91BC942}") = "xmlprotocol", "xmlprotocol\xmlprotocol.vcproj", "{A0AE2EFF-7424-4C27-A7DF-01CF378D510D}"
EndProject
Project("{8BC9CEB8-8B4A-11D0-8D11-00A0C91BC942}") = "buildid", "buildid\buildid.vcproj", "{D46BDABB-89B1-416A-9A92-89F9522AA828}"
EndProject
Project("{8BC9CEB8-8B4A-11D0-8D11-00A0C91BC942}") = "eqcom", "eqcom\eqcom.vcproj", "{F4FD8492-B76E-46F8-A2E0-365972802720}"
	ProjectSection(ProjectDependencies) = postProject
		{64E5E016-09A2-44CE-B6C2-11F4CF977A7B} = {64E5E016-09A2-44CE-B6C2-11F4CF977A7B}
		{6C6A1288-C6E3-40DC-8604-EE8D79BC0CB2} = {6C6A1288-C6E3-40DC-8604-EE8D79BC0CB2}
		{E0ED88B6-7C21-4AAA-A44E-2FF1EDE23CDB} = {E0ED88B6-7C21-4AAA-A44E-2FF1EDE23CDB}
		{8267B3FB-D9F4-48B0-87D2-F309FFC4C661} = {8267B3FB-D9F4-48B0-87D2-F309FFC4C661}
	EndProjectSection
EndProject
Project("{8BC9CEB8-8B4A-11D0-8D11-00A0C91BC942}") = "md5", "contrib\md5.vcproj", "{6C6A1288-C6E3-40DC-8604-EE8D79BC0CB2}"
EndProject
Project("{8BC9CEB8-8B4A-11D0-8D11-00A0C91BC942}") = "dbmysql", "dbmysql_dll\dbmysql_dll.vcproj", "{446BE004-5D5F-4D27-ADBF-DCDE2DB0197F}"
	ProjectSection(ProjectDependencies) = postProject
		{64E5E016-09A2-44CE-B6C2-11F4CF977A7B} = {64E5E016-09A2-44CE-B6C2-11F4CF977A7B}
	EndProjectSection
EndProject
Project("{8BC9CEB8-8B4A-11D0-8D11-00A0C91BC942}") = "httpserver", "httpserver\httpserver.vcproj", "{A22D7F0B-9387-4B70-B231-328A0F3A6597}"
	ProjectSection(ProjectDependencies) = postProject
		{A0AE2EFF-7424-4C27-A7DF-01CF378D510D} = {A0AE2EFF-7424-4C27-A7DF-01CF378D510D}
	EndProjectSection
EndProject
Project("{8BC9CEB8-8B4A-11D0-8D11-00A0C91BC942}") = "xmlserver", "xmlserver\xmlserver.vcproj", "{24F587F8-095D-41F3-946B-A83D9EBB6E1A}"
EndProject
Project("{8BC9CEB8-8B4A-11D0-8D11-00A0C91BC942}") = "ivicontrol", "ivicontrol\ivicontrol.vcproj", "{3881221E-72C0-41C9-8495-D245C1C7F811}"
	ProjectSection(ProjectDependencies) = postProject
		{64E5E016-09A2-44CE-B6C2-11F4CF977A7B} = {64E5E016-09A2-44CE-B6C2-11F4CF977A7B}
		{AEC6F8BE-702B-4531-B1C6-EF83BF5B56DF} = {AEC6F8BE-702B-4531-B1C6-EF83BF5B56DF}
		{8267B3FB-D9F4-48B0-87D2-F309FFC4C661} = {8267B3FB-D9F4-48B0-87D2-F309FFC4C661}
	EndProjectSection
EndProject
Project("{8BC9CEB8-8B4A-11D0-8D11-00A0C91BC942}") = "winconsole", "winconsole\winconsole.vcproj", "{2A2C572B-D8D4-418C-BD6B-E63A31C91803}"
	ProjectSection(ProjectDependencies) = postProject
		{6C6A1288-C6E3-40DC-8604-EE8D79BC0CB2} = {6C6A1288-C6E3-40DC-8604-EE8D79BC0CB2}
		{3F8767B6-E31E-476D-9D5A-5258D75A111C} = {3F8767B6-E31E-476D-9D5A-5258D75A111C}
		{42D243D1-3635-439B-B1FB-A49E4BE4806D} = {42D243D1-3635-439B-B1FB-A49E4BE4806D}
	EndProjectSection
EndProject
Project("{8BC9CEB8-8B4A-11D0-8D11-00A0C91BC942}") = "textconsole", "textconsole\textconsole.vcproj", "{2151E50A-1472-432C-8BBD-164D87CD567B}"
	ProjectSection(ProjectDependencies) = postProject
		{3F8767B6-E31E-476D-9D5A-5258D75A111C} = {3F8767B6-E31E-476D-9D5A-5258D75A111C}
		{42D243D1-3635-439B-B1FB-A49E4BE4806D} = {42D243D1-3635-439B-B1FB-A49E4BE4806D}
	EndProjectSection
EndProject
Project("{8BC9CEB8-8B4A-11D0-8D11-00A0C91BC942}") = "auth_ilabs", "auth_ilabs\auth_ilabs.vcproj", "{63E5A7CF-6C8B-495B-8994-9AB9172AA590}"
	ProjectSection(ProjectDependencies) = postProject
		{64E5E016-09A2-44CE-B6C2-11F4CF977A7B} = {64E5E016-09A2-44CE-B6C2-11F4CF977A7B}
		{42D243D1-3635-439B-B1FB-A49E4BE4806D} = {42D243D1-3635-439B-B1FB-A49E4BE4806D}
	EndProjectSection
EndProject
Project("{8BC9CEB8-8B4A-11D0-8D11-00A0C91BC942}") = "xmlutil", "xmlutil\xmlutil.vcproj", "{42D243D1-3635-439B-B1FB-A49E4BE4806D}"
EndProject
Project("{8BC9CEB8-8B4A-11D0-8D11-00A0C91BC942}") = "circuittester", "circuittester\circuittester.vcproj", "{66B5BB4D-845F-4EA9-AE57-A7717A595FEC}"
	ProjectSection(ProjectDependencies) = postProject
		{64E5E016-09A2-44CE-B6C2-11F4CF977A7B} = {64E5E016-09A2-44CE-B6C2-11F4CF977A7B}
		{6C6A1288-C6E3-40DC-8604-EE8D79BC0CB2} = {6C6A1288-C6E3-40DC-8604-EE8D79BC0CB2}
		{8267B3FB-D9F4-48B0-87D2-F309FFC4C661} = {8267B3FB-D9F4-48B0-87D2-F309FFC4C661}
	EndProjectSection
EndProject
Project("{8BC9CEB8-8B4A-11D0-8D11-00A0C91BC942}") = "usbmatrix", "usbmatrix\usbmatrix.vcproj", "{AEC6F8BE-702B-4531-B1C6-EF83BF5B56DF}"
	ProjectSection(ProjectDependencies) = postProject
		{64E5E016-09A2-44CE-B6C2-11F4CF977A7B} = {64E5E016-09A2-44CE-B6C2-11F4CF977A7B}
	EndProjectSection
EndProject
Project("{8BC9CEB8-8B4A-11D0-8D11-00A0C91BC942}") = "scgiserver", "scgiserver\scgiserver.vcproj", "{4130D780-CBD7-4EED-B3C3-6C1F7F2D73D5}"
EndProject
Global
	GlobalSection(SolutionConfigurationPlatforms) = preSolution
		Debug|Win32 = Debug|Win32
		Release|Win32 = Release|Win32
	EndGlobalSection
	GlobalSection(ProjectConfigurationPlatforms) = postSolution
		{3E9A7684-AF6A-46F8-92A9-87F06C142D5E}.Debug|Win32.ActiveCfg = Debug|Win32
		{3E9A7684-AF6A-46F8-92A9-87F06C142D5E}.Debug|Win32.Build.0 = Debug|Win32
		{3E9A7684-AF6A-46F8-92A9-87F06C142D5E}.Release|Win32.ActiveCfg = Release|Win32
		{3E9A7684-AF6A-46F8-92A9-87F06C142D5E}.Release|Win32.Build.0 = Release|Win32
		{8267B3FB-D9F4-48B0-87D2-F309FFC4C661}.Debug|Win32.ActiveCfg = Debug|Win32
		{8267B3FB-D9F4-48B0-87D2-F309FFC4C661}.Debug|Win32.Build.0 = Debug|Win32
		{8267B3FB-D9F4-48B0-87D2-F309FFC4C661}.Release|Win32.ActiveCfg = Release|Win32
		{8267B3FB-D9F4-48B0-87D2-F309FFC4C661}.Release|Win32.Build.0 = Release|Win32
		{3F8767B6-E31E-476D-9D5A-5258D75A111C}.Debug|Win32.ActiveCfg = Debug|Win32
		{3F8767B6-E31E-476D-9D5A-5258D75A111C}.Debug|Win32.Build.0 = Debug|Win32
		{3F8767B6-E31E-476D-9D5A-5258D75A111C}.Release|Win32.ActiveCfg = Release|Win32
		{3F8767B6-E31E-476D-9D5A-5258D75A111C}.Release|Win32.Build.0 = Release|Win32
		{E0ED88B6-7C21-4AAA-A44E-2FF1EDE23CDB}.Debug|Win32.ActiveCfg = Debug|Win32
		{E0ED88B6-7C21-4AAA-A44E-2FF1EDE23CDB}.Debug|Win32.Build.0 = Debug|Win32
		{E0ED88B6-7C21-4AAA-A44E-2FF1EDE23CDB}.Release|Win32.ActiveCfg = Release|Win32
		{E0ED88B6-7C21-4AAA-A44E-2FF1EDE23CDB}.Release|Win32.Build.0 = Release|Win32
		{1E6FC2C1-000F-4070-B643-1F19F1C93974}.Debug|Win32.ActiveCfg = Debug|Win32
		{1E6FC2C1-000F-4070-B643-1F19F1C93974}.Debug|Win32.Build.0 = Debug|Win32
		{1E6FC2C1-000F-4070-B643-1F19F1C93974}.Release|Win32.ActiveCfg = Release|Win32
		{1E6FC2C1-000F-4070-B643-1F19F1C93974}.Release|Win32.Build.0 = Release|Win32
		{64E5E016-09A2-44CE-B6C2-11F4CF977A7B}.Debug|Win32.ActiveCfg = Debug|Win32
		{64E5E016-09A2-44CE-B6C2-11F4CF977A7B}.Debug|Win32.Build.0 = Debug|Win32
		{64E5E016-09A2-44CE-B6C2-11F4CF977A7B}.Release|Win32.ActiveCfg = Release|Win32
		{64E5E016-09A2-44CE-B6C2-11F4CF977A7B}.Release|Win32.Build.0 = Release|Win32
		{A0AE2EFF-7424-4C27-A7DF-01CF378D510D}.Debug|Win32.ActiveCfg = Debug|Win32
		{A0AE2EFF-7424-4C27-A7DF-01CF378D510D}.Debug|Win32.Build.0 = Debug|Win32
		{A0AE2EFF-7424-4C27-A7DF-01CF378D510D}.Release|Win32.ActiveCfg = Release|Win32
		{A0AE2EFF-7424-4C27-A7DF-01CF378D510D}.Release|Win32.Build.0 = Release|Win32
		{D46BDABB-89B1-416A-9A92-89F9522AA828}.Debug|Win32.ActiveCfg = Debug|Win32
		{D46BDABB-89B1-416A-9A92-89F9522AA828}.Debug|Win32.Build.0 = Debug|Win32
		{D46BDABB-89B1-416A-9A92-89F9522AA828}.Release|Win32.ActiveCfg = Release|Win32
		{D46BDABB-89B1-416A-9A92-89F9522AA828}.Release|Win32.Build.0 = Release|Win32
		{F4FD8492-B76E-46F8-A2E0-365972802720}.Debug|Win32.ActiveCfg = Debug|Win32
		{F4FD8492-B76E-46F8-A2E0-365972802720}.Debug|Win32.Build.0 = Debug|Win32
		{F4FD8492-B76E-46F8-A2E0-365972802720}.Release|Win32.ActiveCfg = Release|Win32
		{F4FD8492-B76E-46F8-A2E0-365972802720}.Release|Win32.Build.0 = Release|Win32
		{6C6A1288-C6E3-40DC-8604-EE8D79BC0CB2}.Debug|Win32.ActiveCfg = Debug|Win32
		{6C6A1288-C6E3-40DC-8604-EE8D79BC0CB2}.Debug|Win32.Build.0 = Debug|Win32
		{6C6A1288-C6E3-40DC-8604-EE8D79BC0CB2}.Release|Win32.ActiveCfg = Release|Win32
		{6C6A1288-C6E3-40DC-8604-EE8D79BC0CB2}.Release|Win32.Build.0 = Release|Win32
		{446BE004-5D5F-4D27-ADBF-DCDE2DB0197F}.Debug|Win32.ActiveCfg = Debug|Win32
		{446BE004-5D5F-4D27-ADBF-DCDE2DB0197F}.Debug|Win32.Build.0 = Debug|Win32
		{446BE004-5D5F-4D27-ADBF-DCDE2DB0197F}.Release|Win32.ActiveCfg = Release|Win32
		{446BE004-5D5F-4D27-ADBF-DCDE2DB0197F}.Release|Win32.Build.0 = Release|Win32
		{A22D7F0B-9387-4B70-B231-328A0F3A6597}.Debug|Win32.ActiveCfg = Debug|Win32
		{A22D7F0B-9387-4B70-B231-328A0F3A6597}.Debug|Win32.Build.0 = Debug|Win32
		{A22D7F0B-9387-4B70-B231-328A0F3A6597}.Release|Win32.ActiveCfg = Release|Win32
		{A22D7F0B-9387-4B70-B231-328A0F3A6597}.Release|Win32.Build.0 = Release|Win32
		{24F587F8-095D-41F3-946B-A83D9EBB6E1A}.Debug|Win32.ActiveCfg = Debug|Win32
		{24F587F8-095D-41F3-946B-A83D9EBB6E1A}.Debug|Win32.Build.0 = Debug|Win32
		{24F587F8-095D-41F3-946B-A83D9EBB6E1A}.Release|Win32.ActiveCfg = Release|Win32
		{24F587F8-095D-41F3-946B-A83D9EBB6E1A}.Release|Win32.Build.0 = Release|Win32
		{3881221E-72C0-41C9-8495-D245C1C7F811}.Debug|Win32.ActiveCfg = Debug|Win32
		{3881221E-72C0-41C9-8495-D245C1C7F811}.Debug|Win32.Build.0 = Debug|Win32
		{3881221E-72C0-41C9-8495-D245C1C7F811}.Release|Win32.ActiveCfg = Release|Win32
		{3881221E-72C0-41C9-8495-D245C1C7F811}.Release|Win32.Build.0 = Release|Win32
		{2A2C572B-D8D4-418C-BD6B-E63A31C91803}.Debug|Win32.ActiveCfg = Debug|Win32
		{2A2C572B-D8D4-418C-BD6B-E63A31C91803}.Debug|Win32.Build.0 = Debug|Win32
		{2A2C572B-D8D4-418C-BD6B-E63A31C91803}.Release|Win32.ActiveCfg = Release|Win32
		{2A2C572B-D8D4-418C-BD6B-E63A31C91803}.Release|Win32.Build.0 = Release|Win32
		{2151E50A-1472-432C-8BBD-164D87CD567B}.Debug|Win32.ActiveCfg = Debug|Win32
		{2151E50A-1472-432C-8BBD-164D87CD567B}.Debug|Win32.Build.0 = Debug|Win32
		{2151E50A-1472-432C-8BBD-164D87CD567B}.Release|Win32.ActiveCfg = Release|Win32
		{2151E50A-1472-432C-8BBD-164D87CD567B}.Release|Win32.Build.0 = Release|Win32
		{63E5A7CF-6C8B-495B-8994-9AB9172AA590}.Debug|Win32.ActiveCfg = Debug|Win32
		{63E5A7CF-6C8B-495B-8994-9AB9172AA590}.Debug|Win32.Build.0 = Debug|Win32
		{63E5A7CF-6C8B-495B-8994-9AB9172AA590}.Release|Win32.ActiveCfg = Release|Win32
		{63E5A7CF-6C8B-495B-8994-9AB9172AA590}.Release|Win32.Build.0 = Release|Win32
		{42D243D1-3635-439B-B1FB-A49E4BE4806D}.Debug|Win32.ActiveCfg = Debug|Win32
		{42D243D1-3635-439B-B1FB-A49E4BE4806D}.Debug|Win32.Build.0 = Debug|Win32
		{42D243D1-3635-439B-B1FB-A49E4BE4806D}.Release|Win32.ActiveCfg = Release|Win32
		{42D243D1-3635-439B-B1FB-A49E4BE4806D}.Release|Win32.Build.0 = Release|Win32
		{66B5BB4D-845F-4EA9-AE57-A7717A595FEC}.Debug|Win32.ActiveCfg = Debug|Win32
		{66B5BB4D-845F-4EA9-AE57-A7717A595FEC}.Debug|Win32.Build.0 = Debug|Win32
		{66B5BB4D-845F-4EA9-AE57-A7717A595FEC}.Release|Win32.ActiveCfg = Release|Win32
		{66B5BB4D-845F-4EA9-AE57-A7717A595FEC}.Release|Win32.Build.0 = Release|Win32
		{AEC6F8BE-702B-4531-B1C6-EF83BF5B56DF}.Debug|Win32.ActiveCfg = Debug|Win32
		{AEC6F8BE-702B-4531-B1C6-EF83BF5B56DF}.Debug|Win32.Build.0 = Debug|Win32
		{AEC6F8BE-702B-4531-B1C6-EF83BF5B56DF}.Release|Win32.ActiveCfg = Release|Win32
		{AEC6F8BE-702B-4531-B1C6-EF83BF5B56DF}.Release|Win32.Build.0 = Release|Win32
		{4130D780-CBD7-4EED-B3C3-6C1F7F2D73D5}.Debug|Win32.ActiveCfg = Debug|Win32
		{4130D780-CBD7-4EED-B3C3-6C1F7F2D73D5}.Debug|Win32.Build.0 = Debug|Win32
		{4130D780-CBD7-4EED-B3C3-6C1F7F2D73D5}.Release|Win32.ActiveCfg = Release|Win32
		{4130D780-CBD7-4EED-B3C3-6C1F7F2D73D5}.Release|Win32.Build.0 = Release|Win32
	EndGlobalSection
	GlobalSection(SolutionProperties) = preSolution
		HideSolutionNode = FALSE
	EndGlobalSection
	GlobalSection(DevPartner Solution Properties) = postSolution
	EndGlobalSection
	GlobalSection(DevPartner) = postSolution
	EndGlobalSection
	GlobalSection(DevPartner) = postSolution
	EndGlobalSection
	GlobalSection(DevPartner) = postSolution
	EndGlobalSection
	GlobalSection(DevPartner) = postSolution
	EndGlobalSection
	GlobalSection(DevPartner) = postSolution
	EndGlobalSection
	GlobalSection(DevPartner) = postSolution
	EndGlobalSection
	GlobalSection(DevPartner) = postSolution
	EndGlobalSection
	GlobalSection(DevPartner) = postSolution
	EndGlobalSection
	GlobalSection(DevPartner) = postSolution
	EndGlobalSection
	GlobalSection(DevPartner) = postSolution
	EndGlobalSection
EndGlobal